
Microsoft Visual Studio Solution File, Format Version 12.00
# Visual Studio 15
VisualStudioVersion = 15.0.26730.16
MinimumVisualStudioVersion = 10.0.40219.1
Project("{FAE04EC0-301F-11D3-BF4B-00C04F79EFBC}") = "Nameless Core [Yggdrasil][4.6]", "Core\Nameless Core [Yggdrasil][4.6].csproj", "{D8963DD1-5915-45C7-A09E-80F13871C539}"
EndProject
Project("{2150E333-8FDC-42A3-9474-1A3956D46DE8}") = "Core", "Core", "{4826B2EA-89D3-4584-8773-F54FAE832F89}"
EndProject
Global
	GlobalSection(SolutionConfigurationPlatforms) = preSolution
		Debug|Any CPU = Debug|Any CPU
		Release|Any CPU = Release|Any CPU
	EndGlobalSection
	GlobalSection(ProjectConfigurationPlatforms) = postSolution
		{D8963DD1-5915-45C7-A09E-80F13871C539}.Debug|Any CPU.ActiveCfg = Debug|Any CPU
		{D8963DD1-5915-45C7-A09E-80F13871C539}.Debug|Any CPU.Build.0 = Debug|Any CPU
		{D8963DD1-5915-45C7-A09E-80F13871C539}.Release|Any CPU.ActiveCfg = Release|Any CPU
		{D8963DD1-5915-45C7-A09E-80F13871C539}.Release|Any CPU.Build.0 = Release|Any CPU
	EndGlobalSection
	GlobalSection(SolutionProperties) = preSolution
		HideSolutionNode = FALSE
	EndGlobalSection
	GlobalSection(NestedProjects) = preSolution
		{D8963DD1-5915-45C7-A09E-80F13871C539} = {4826B2EA-89D3-4584-8773-F54FAE832F89}
	EndGlobalSection
	GlobalSection(ExtensibilityGlobals) = postSolution
		SolutionGuid = {D28CF744-4884-41A5-BEDF-2590D219E43F}
	EndGlobalSection
EndGlobal
